<?xml version="1.0" encoding="utf-8"?>
<Project ToolsVersion="4.0" xmlns="http://schemas.microsoft.com/developer/msbuild/2003">
  <ItemGroup>
    <Filter Include="소스 파일">
      <UniqueIdentifier>{4FC737F1-C7A5-4376-A066-2A32D752A2FF}</UniqueIdentifier>
      <Extensions>cpp;c;cc;cxx;c++;cppm;ixx;def;odl;idl;hpj;bat;asm;asmx</Extensions>
    </Filter>
    <Filter Include="리소스 파일">
      <UniqueIdentifier>{67DA6AB6-F800-4c08-8B7A-83BB121AAD01}</UniqueIdentifier>
      <Extensions>rc;ico;cur;bmp;dlg;rc2;rct;bin;rgs;gif;jpg;jpeg;jpe;resx;tiff;tif;png;wav;mfcribbon-ms</Extensions>
    </Filter>
    <Filter Include="소스 파일\System">
      <UniqueIdentifier>{843cf470-f9ae-44fe-965e-300e68e6de97}</UniqueIdentifier>
    </Filter>
    <Filter Include="소스 파일\Collider">
      <UniqueIdentifier>{9dc250cc-cce7-44c6-a762-b9320147ff38}</UniqueIdentifier>
    </Filter>
    <Filter Include="소스 파일\FSM">
      <UniqueIdentifier>{22804597-8b6c-490a-8835-6e2b66e7b837}</UniqueIdentifier>
    </Filter>
    <Filter Include="소스 파일\Render">
      <UniqueIdentifier>{4bb99b3a-5565-494d-b4ad-022198938fb3}</UniqueIdentifier>
    </Filter>
    <Filter Include="소스 파일\Interface">
      <UniqueIdentifier>{03caa32c-ca09-4c93-93ec-fb31d79b8122}</UniqueIdentifier>
    </Filter>
    <Filter Include="소스 파일\Resource">
      <UniqueIdentifier>{3367259c-be26-4a0d-bb94-89671c7ec261}</UniqueIdentifier>
    </Filter>
    <Filter Include="소스 파일\Helper">
      <UniqueIdentifier>{080fff16-efc5-4326-9be3-a892b76f651c}</UniqueIdentifier>
    </Filter>
    <Filter Include="소스 파일\Position">
      <UniqueIdentifier>{d9a9c956-fac8-4b84-a7bf-310af37d7f38}</UniqueIdentifier>
    </Filter>
    <Filter Include="소스 파일\Etc">
      <UniqueIdentifier>{89792a24-1fbe-4ce5-84ff-217ca94dd853}</UniqueIdentifier>
    </Filter>
  </ItemGroup>
  <ItemGroup>
    <ClInclude Include="Movement.h">
      <Filter>소스 파일\Position</Filter>
    </ClInclude>
    <ClInclude Include="Transform.h">
      <Filter>소스 파일\Position</Filter>
    </ClInclude>
    <ClInclude Include="InputSystem.h">
      <Filter>소스 파일\System</Filter>
    </ClInclude>
    <ClInclude Include="TimeSystem.h">
      <Filter>소스 파일\System</Filter>
    </ClInclude>
    <ClInclude Include="CollisionManager.h">
      <Filter>소스 파일\Collider</Filter>
    </ClInclude>
    <ClInclude Include="BoxCollider.h">
      <Filter>소스 파일\Collider</Filter>
    </ClInclude>
    <ClInclude Include="FiniteStateMachine.h">
      <Filter>소스 파일\FSM</Filter>
    </ClInclude>
    <ClInclude Include="FSMState.h">
      <Filter>소스 파일\FSM</Filter>
    </ClInclude>
    <ClInclude Include="Animation.h">
      <Filter>소스 파일\Render</Filter>
    </ClInclude>
    <ClInclude Include="Bitmap.h">
      <Filter>소스 파일\Render</Filter>
    </ClInclude>
    <ClInclude Include="Renderer.h">
      <Filter>소스 파일\Render</Filter>
    </ClInclude>
    <ClInclude Include="RigidBody.h">
      <Filter>소스 파일\Collider</Filter>
    </ClInclude>
    <ClInclude Include="Collider.h">
      <Filter>소스 파일\Collider</Filter>
    </ClInclude>
    <ClInclude Include="CameraScene.h">
      <Filter>소스 파일\Position</Filter>
    </ClInclude>
    <ClInclude Include="GameObject.h">
      <Filter>소스 파일\Etc</Filter>
    </ClInclude>
    <ClInclude Include="WinGameApp.h">
      <Filter>소스 파일\Etc</Filter>
    </ClInclude>
    <ClInclude Include="World.h">
      <Filter>소스 파일\Etc</Filter>
    </ClInclude>
    <ClInclude Include="IColliderNotify.h">
      <Filter>소스 파일\Interface</Filter>
    </ClInclude>
    <ClInclude Include="AnimationAsset.h">
      <Filter>소스 파일\Resource</Filter>
    </ClInclude>
    <ClInclude Include="ResourceManager.h">
      <Filter>소스 파일\Resource</Filter>
    </ClInclude>
    <ClInclude Include="pch.h">
      <Filter>소스 파일\Helper</Filter>
    </ClInclude>
    <ClInclude Include="ReferenceCounter.h">
      <Filter>소스 파일\Helper</Filter>
    </ClInclude>
    <ClInclude Include="Helper.h">
      <Filter>소스 파일\Helper</Filter>
    </ClInclude>
    <ClInclude Include="framework.h">
      <Filter>소스 파일\Helper</Filter>
    </ClInclude>
    <ClInclude Include="Resource.h">
      <Filter>소스 파일\Resource</Filter>
    </ClInclude>
    <ClInclude Include="D2DRenderer.h">
      <Filter>소스 파일\Render</Filter>
    </ClInclude>
    <ClInclude Include="MathHelper.h">
      <Filter>소스 파일\Helper</Filter>
    </ClInclude>
    <ClInclude Include="AABB.h">
      <Filter>소스 파일\Collider</Filter>
    </ClInclude>
    <ClInclude Include="Component.h">
      <Filter>소스 파일\Etc</Filter>
    </ClInclude>
  </ItemGroup>
  <ItemGroup>
    <ClCompile Include="Transform.cpp">
      <Filter>소스 파일\Position</Filter>
    </ClCompile>
    <ClCompile Include="D2DEngine.cpp">
      <Filter>소스 파일\Etc</Filter>
    </ClCompile>
    <ClCompile Include="GameObject.cpp">
      <Filter>소스 파일\Etc</Filter>
    </ClCompile>
    <ClCompile Include="WinGameApp.cpp">
      <Filter>소스 파일\Etc</Filter>
    </ClCompile>
    <ClCompile Include="World.cpp">
      <Filter>소스 파일\Etc</Filter>
    </ClCompile>
    <ClCompile Include="Movement.cpp">
      <Filter>소스 파일\Position</Filter>
    </ClCompile>
    <ClCompile Include="InputSystem.cpp">
      <Filter>소스 파일\System</Filter>
    </ClCompile>
    <ClCompile Include="TimeSystem.cpp">
      <Filter>소스 파일\System</Filter>
    </ClCompile>
    <ClCompile Include="CollisionManager.cpp">
      <Filter>소스 파일\Collider</Filter>
    </ClCompile>
    <ClCompile Include="BoxCollider.cpp">
      <Filter>소스 파일\Collider</Filter>
    </ClCompile>
    <ClCompile Include="FiniteStateMachine.cpp">
      <Filter>소스 파일\FSM</Filter>
    </ClCompile>
    <ClCompile Include="FSMState.cpp">
      <Filter>소스 파일\FSM</Filter>
    </ClCompile>
    <ClCompile Include="Animation.cpp">
      <Filter>소스 파일\Render</Filter>
    </ClCompile>
    <ClCompile Include="Bitmap.cpp">
      <Filter>소스 파일\Render</Filter>
    </ClCompile>
    <ClCompile Include="Renderer.cpp">
      <Filter>소스 파일\Render</Filter>
    </ClCompile>
    <ClCompile Include="RigidBody.cpp">
      <Filter>소스 파일\Collider</Filter>
    </ClCompile>
    <ClCompile Include="Collider.cpp">
      <Filter>소스 파일\Collider</Filter>
    </ClCompile>
    <ClCompile Include="CameraScene.cpp">
      <Filter>소스 파일\Position</Filter>
    </ClCompile>
    <ClCompile Include="AnimationAsset.cpp">
      <Filter>소스 파일\Resource</Filter>
    </ClCompile>
    <ClCompile Include="ResourceManager.cpp">
      <Filter>소스 파일\Resource</Filter>
    </ClCompile>
    <ClCompile Include="pch.cpp">
      <Filter>소스 파일\Helper</Filter>
    </ClCompile>
    <ClCompile Include="ReferenceCounter.cpp">
      <Filter>소스 파일\Helper</Filter>
    </ClCompile>
    <ClCompile Include="Helper.cpp">
      <Filter>소스 파일\Helper</Filter>
    </ClCompile>
    <ClCompile Include="D2DRenderer.cpp">
      <Filter>소스 파일\Render</Filter>
    </ClCompile>
    <ClCompile Include="AABB.cpp">
      <Filter>소스 파일\Collider</Filter>
    </ClCompile>
    <ClCompile Include="Component.cpp">
      <Filter>소스 파일\Etc</Filter>
    </ClCompile>
  </ItemGroup>
</Project>